
Microsoft Visual Studio Solution File, Format Version 11.00
# Visual C++ Express 2010
Project("{8BC9CEB8-8B4A-11D0-8D11-00A0C91BC942}") = "Mark Nova", "Mark_V_Visual_Studio_2008.vcxproj", "{64326BEE-C576-46E6-BF4C-E84616E75A20}"
EndProject
Global
	GlobalSection(SolutionConfigurationPlatforms) = preSolution
		Android WinQuake Fake|Win32 = Android WinQuake Fake|Win32
		Debug|Win32 = Debug|Win32
		DX8 Debug|Win32 = DX8 Debug|Win32
		DX8 Release|Win32 = DX8 Release|Win32
		DX9 Debug|Win32 = DX9 Debug|Win32
		DX9 Release|Win32 = DX9 Release|Win32
		GL Debug|Win32 = GL Debug|Win32
		GL Release|Win32 = GL Release|Win32
		Release|Win32 = Release|Win32
		SDL GL Debug|Win32 = SDL GL Debug|Win32
		SDL WinQuake GL Debug|Win32 = SDL WinQuake GL Debug|Win32
		WinQuake GL Debug|Win32 = WinQuake GL Debug|Win32
		WinQuake GL Release|Win32 = WinQuake GL Release|Win32
	EndGlobalSection
	GlobalSection(ProjectConfigurationPlatforms) = postSolution
		{64326BEE-C576-46E6-BF4C-E84616E75A20}.Android WinQuake Fake|Win32.ActiveCfg = Android WinQuake Fake|Win32
		{64326BEE-C576-46E6-BF4C-E84616E75A20}.Android WinQuake Fake|Win32.Build.0 = Android WinQuake Fake|Win32
		{64326BEE-C576-46E6-BF4C-E84616E75A20}.Debug|Win32.ActiveCfg = Debug|Win32
		{64326BEE-C576-46E6-BF4C-E84616E75A20}.Debug|Win32.Build.0 = Debug|Win32
		{64326BEE-C576-46E6-BF4C-E84616E75A20}.DX8 Debug|Win32.ActiveCfg = DX8 Debug|Win32
		{64326BEE-C576-46E6-BF4C-E84616E75A20}.DX8 Debug|Win32.Build.0 = DX8 Debug|Win32
		{64326BEE-C576-46E6-BF4C-E84616E75A20}.DX8 Release|Win32.ActiveCfg = DX8 Release|Win32
		{64326BEE-C576-46E6-BF4C-E84616E75A20}.DX8 Release|Win32.Build.0 = DX8 Release|Win32
		{64326BEE-C576-46E6-BF4C-E84616E75A20}.DX9 Debug|Win32.ActiveCfg = DX9 Debug|Win32
		{64326BEE-C576-46E6-BF4C-E84616E75A20}.DX9 Debug|Win32.Build.0 = DX9 Debug|Win32
		{64326BEE-C576-46E6-BF4C-E84616E75A20}.DX9 Release|Win32.ActiveCfg = DX9 Release|Win32
		{64326BEE-C576-46E6-BF4C-E84616E75A20}.DX9 Release|Win32.Build.0 = DX9 Release|Win32
		{64326BEE-C576-46E6-BF4C-E84616E75A20}.GL Debug|Win32.ActiveCfg = GL Debug|Win32
		{64326BEE-C576-46E6-BF4C-E84616E75A20}.GL Debug|Win32.Build.0 = GL Debug|Win32
		{64326BEE-C576-46E6-BF4C-E84616E75A20}.GL Release|Win32.ActiveCfg = GL Release|Win32
		{64326BEE-C576-46E6-BF4C-E84616E75A20}.GL Release|Win32.Build.0 = GL Release|Win32
		{64326BEE-C576-46E6-BF4C-E84616E75A20}.Release|Win32.ActiveCfg = Release|Win32
		{64326BEE-C576-46E6-BF4C-E84616E75A20}.Release|Win32.Build.0 = Release|Win32
		{64326BEE-C576-46E6-BF4C-E84616E75A20}.SDL GL Debug|Win32.ActiveCfg = SDL GL Debug|Win32
		{64326BEE-C576-46E6-BF4C-E84616E75A20}.SDL GL Debug|Win32.Build.0 = SDL GL Debug|Win32
		{64326BEE-C576-46E6-BF4C-E84616E75A20}.SDL WinQuake GL Debug|Win32.ActiveCfg = SDL WinQuake GL Debug|Win32
		{64326BEE-C576-46E6-BF4C-E84616E75A20}.SDL WinQuake GL Debug|Win32.Build.0 = SDL WinQuake GL Debug|Win32
		{64326BEE-C576-46E6-BF4C-E84616E75A20}.WinQuake GL Debug|Win32.ActiveCfg = WinQuake GL Debug|Win32
		{64326BEE-C576-46E6-BF4C-E84616E75A20}.WinQuake GL Debug|Win32.Build.0 = WinQuake GL Debug|Win32
		{64326BEE-C576-46E6-BF4C-E84616E75A20}.WinQuake GL Release|Win32.ActiveCfg = WinQuake GL Release|Win32
		{64326BEE-C576-46E6-BF4C-E84616E75A20}.WinQuake GL Release|Win32.Build.0 = WinQuake GL Release|Win32
	EndGlobalSection
	GlobalSection(SolutionProperties) = preSolution
		HideSolutionNode = FALSE
	EndGlobalSection
EndGlobal
